
Microsoft Visual Studio Solution File, Format Version 12.00
# Visual Studio Version 17
Project("{8BC9CEB8-8B4A-11D0-8D11-00A0C91BC942}") = "ALL_BUILD", "ALL_BUILD.vcxproj", "{1E3D2BE7-A2DC-3EDC-B6B0-AD950B0F92F5}"
	ProjectSection(ProjectDependencies) = postProject
		{FA8786E3-15AC-3461-A8FC-B4CAB79EF9A1} = {FA8786E3-15AC-3461-A8FC-B4CAB79EF9A1}
		{3AB6280B-C0A7-384E-B43C-4361F042C90A} = {3AB6280B-C0A7-384E-B43C-4361F042C90A}
	EndProjectSection
EndProject
Project("{8BC9CEB8-8B4A-11D0-8D11-00A0C91BC942}") = "INSTALL", "INSTALL.vcxproj", "{C524DC38-10F8-3B41-AE85-BEB23D45DD00}"
	ProjectSection(ProjectDependencies) = postProject
		{1E3D2BE7-A2DC-3EDC-B6B0-AD950B0F92F5} = {1E3D2BE7-A2DC-3EDC-B6B0-AD950B0F92F5}
		{FA8786E3-15AC-3461-A8FC-B4CAB79EF9A1} = {FA8786E3-15AC-3461-A8FC-B4CAB79EF9A1}
	EndProjectSection
EndProject
Project("{8BC9CEB8-8B4A-11D0-8D11-00A0C91BC942}") = "ZERO_CHECK", "..\..\\ZERO_CHECK.vcxproj", "{FA8786E3-15AC-3461-A8FC-B4CAB79EF9A1}"
	ProjectSection(ProjectDependencies) = postProject
	EndProjectSection
EndProject
Project("{8BC9CEB8-8B4A-11D0-8D11-00A0C91BC942}") = "zlibstatic", "zlibstatic.vcxproj", "{3AB6280B-C0A7-384E-B43C-4361F042C90A}"
	ProjectSection(ProjectDependencies) = postProject
		{FA8786E3-15AC-3461-A8FC-B4CAB79EF9A1} = {FA8786E3-15AC-3461-A8FC-B4CAB79EF9A1}
	EndProjectSection
EndProject
Global
	GlobalSection(SolutionConfigurationPlatforms) = preSolution
		Debug|x64 = Debug|x64
		Release|x64 = Release|x64
		MinSizeRel|x64 = MinSizeRel|x64
		RelWithDebInfo|x64 = RelWithDebInfo|x64
	EndGlobalSection
	GlobalSection(ProjectConfigurationPlatforms) = postSolution
		{1E3D2BE7-A2DC-3EDC-B6B0-AD950B0F92F5}.Debug|x64.ActiveCfg = Debug|x64
		{1E3D2BE7-A2DC-3EDC-B6B0-AD950B0F92F5}.Debug|x64.Build.0 = Debug|x64
		{1E3D2BE7-A2DC-3EDC-B6B0-AD950B0F92F5}.Release|x64.ActiveCfg = Release|x64
		{1E3D2BE7-A2DC-3EDC-B6B0-AD950B0F92F5}.Release|x64.Build.0 = Release|x64
		{1E3D2BE7-A2DC-3EDC-B6B0-AD950B0F92F5}.MinSizeRel|x64.ActiveCfg = MinSizeRel|x64
		{1E3D2BE7-A2DC-3EDC-B6B0-AD950B0F92F5}.MinSizeRel|x64.Build.0 = MinSizeRel|x64
		{1E3D2BE7-A2DC-3EDC-B6B0-AD950B0F92F5}.RelWithDebInfo|x64.ActiveCfg = RelWithDebInfo|x64
		{1E3D2BE7-A2DC-3EDC-B6B0-AD950B0F92F5}.RelWithDebInfo|x64.Build.0 = RelWithDebInfo|x64
		{C524DC38-10F8-3B41-AE85-BEB23D45DD00}.Debug|x64.ActiveCfg = Debug|x64
		{C524DC38-10F8-3B41-AE85-BEB23D45DD00}.Release|x64.ActiveCfg = Release|x64
		{C524DC38-10F8-3B41-AE85-BEB23D45DD00}.MinSizeRel|x64.ActiveCfg = MinSizeRel|x64
		{C524DC38-10F8-3B41-AE85-BEB23D45DD00}.RelWithDebInfo|x64.ActiveCfg = RelWithDebInfo|x64
		{FA8786E3-15AC-3461-A8FC-B4CAB79EF9A1}.Debug|x64.ActiveCfg = Debug|x64
		{FA8786E3-15AC-3461-A8FC-B4CAB79EF9A1}.Debug|x64.Build.0 = Debug|x64
		{FA8786E3-15AC-3461-A8FC-B4CAB79EF9A1}.Release|x64.ActiveCfg = Release|x64
		{FA8786E3-15AC-3461-A8FC-B4CAB79EF9A1}.Release|x64.Build.0 = Release|x64
		{FA8786E3-15AC-3461-A8FC-B4CAB79EF9A1}.MinSizeRel|x64.ActiveCfg = MinSizeRel|x64
		{FA8786E3-15AC-3461-A8FC-B4CAB79EF9A1}.MinSizeRel|x64.Build.0 = MinSizeRel|x64
		{FA8786E3-15AC-3461-A8FC-B4CAB79EF9A1}.RelWithDebInfo|x64.ActiveCfg = RelWithDebInfo|x64
		{FA8786E3-15AC-3461-A8FC-B4CAB79EF9A1}.RelWithDebInfo|x64.Build.0 = RelWithDebInfo|x64
		{3AB6280B-C0A7-384E-B43C-4361F042C90A}.Debug|x64.ActiveCfg = Debug|x64
		{3AB6280B-C0A7-384E-B43C-4361F042C90A}.Debug|x64.Build.0 = Debug|x64
		{3AB6280B-C0A7-384E-B43C-4361F042C90A}.Release|x64.ActiveCfg = Release|x64
		{3AB6280B-C0A7-384E-B43C-4361F042C90A}.Release|x64.Build.0 = Release|x64
		{3AB6280B-C0A7-384E-B43C-4361F042C90A}.MinSizeRel|x64.ActiveCfg = MinSizeRel|x64
		{3AB6280B-C0A7-384E-B43C-4361F042C90A}.MinSizeRel|x64.Build.0 = MinSizeRel|x64
		{3AB6280B-C0A7-384E-B43C-4361F042C90A}.RelWithDebInfo|x64.ActiveCfg = RelWithDebInfo|x64
		{3AB6280B-C0A7-384E-B43C-4361F042C90A}.RelWithDebInfo|x64.Build.0 = RelWithDebInfo|x64
	EndGlobalSection
	GlobalSection(ExtensibilityGlobals) = postSolution
		SolutionGuid = {7A585C28-DBFB-3CB6-9017-AAB2432ACA4B}
	EndGlobalSection
	GlobalSection(ExtensibilityAddIns) = postSolution
	EndGlobalSection
EndGlobal
