<?xml version="1.0" encoding="utf-8"?>
<Project ToolsVersion="4.0" xmlns="http://schemas.microsoft.com/developer/msbuild/2003">
  <ItemGroup>
    <Filter Include="Source Files">
      <UniqueIdentifier>{4FC737F1-C7A5-4376-A066-2A32D752A2FF}</UniqueIdentifier>
      <Extensions>cpp;c;cc;cxx;c++;cppm;ixx;def;odl;idl;hpj;bat;asm;asmx</Extensions>
    </Filter>
    <Filter Include="Header Files">
      <UniqueIdentifier>{93995380-89BD-4b04-88EB-625FBE52EBFB}</UniqueIdentifier>
      <Extensions>h;hh;hpp;hxx;h++;hm;inl;inc;ipp;xsd</Extensions>
    </Filter>
    <Filter Include="Resource Files">
      <UniqueIdentifier>{67DA6AB6-F800-4c08-8B7A-83BB121AAD01}</UniqueIdentifier>
      <Extensions>rc;ico;cur;bmp;dlg;rc2;rct;bin;rgs;gif;jpg;jpeg;jpe;resx;tiff;tif;png;wav;mfcribbon-ms</Extensions>
    </Filter>
    <Filter Include="Weapons">
      <UniqueIdentifier>{aada216c-00f3-418c-b12e-63739ec80c5b}</UniqueIdentifier>
    </Filter>
    <Filter Include="WeaponFactory">
      <UniqueIdentifier>{00ca9dee-9615-4a03-8142-696e51d11b69}</UniqueIdentifier>
    </Filter>
  </ItemGroup>
  <ItemGroup>
    <ClInclude Include="cPlayer.h">
      <Filter>Header Files</Filter>
    </ClInclude>
    <ClInclude Include="cRobot.h">
      <Filter>Header Files</Filter>
    </ClInclude>
    <ClInclude Include="cBullet.h">
      <Filter>Header Files</Filter>
    </ClInclude>
    <ClInclude Include="cGameBrain.h">
      <Filter>Header Files</Filter>
    </ClInclude>
    <ClInclude Include="cRayGun.h">
      <Filter>Weapons</Filter>
    </ClInclude>
    <ClInclude Include="cMissleLanucher.h">
      <Filter>Weapons</Filter>
    </ClInclude>
    <ClInclude Include="cWeapon.h">
      <Filter>Weapons</Filter>
    </ClInclude>
    <ClInclude Include="cArena.h">
      <Filter>Header Files</Filter>
    </ClInclude>
    <ClInclude Include="cSuperRobot.h">
      <Filter>Header Files</Filter>
    </ClInclude>
    <ClInclude Include="cSword.h">
      <Filter>Weapons</Filter>
    </ClInclude>
    <ClInclude Include="cWeaponMaker.h">
      <Filter>WeaponFactory</Filter>
    </ClInclude>
    <ClInclude Include="cRailGun.h">
      <Filter>Weapons</Filter>
    </ClInclude>
  </ItemGroup>
  <ItemGroup>
    <ClCompile Include="cPlayer.cpp">
      <Filter>Source Files</Filter>
    </ClCompile>
    <ClCompile Include="theMain.cpp">
      <Filter>Source Files</Filter>
    </ClCompile>
    <ClCompile Include="cRobot.cpp">
      <Filter>Source Files</Filter>
    </ClCompile>
    <ClCompile Include="cBullet.cpp">
      <Filter>Source Files</Filter>
    </ClCompile>
    <ClCompile Include="cWeapon.cpp">
      <Filter>Weapons</Filter>
    </ClCompile>
    <ClCompile Include="cRayGun.cpp">
      <Filter>Weapons</Filter>
    </ClCompile>
    <ClCompile Include="cMissleLauncher.cpp">
      <Filter>Weapons</Filter>
    </ClCompile>
    <ClCompile Include="cArena.cpp">
      <Filter>Source Files</Filter>
    </ClCompile>
    <ClCompile Include="cSuperRobot.cpp">
      <Filter>Source Files</Filter>
    </ClCompile>
    <ClCompile Include="cWeaponMaker.cpp">
      <Filter>WeaponFactory</Filter>
    </ClCompile>
    <ClCompile Include="cRailGun.cpp">
      <Filter>Weapons</Filter>
    </ClCompile>
    <ClCompile Include="iWeapon.h">
      <Filter>Weapons</Filter>
    </ClCompile>
    <ClCompile Include="cSword.cpp">
      <Filter>Weapons</Filter>
    </ClCompile>
  </ItemGroup>
</Project>